{
  "originHash" : "2a6b26159bee4a7df208fe8cd74f4cff44de0e29619f9b4e72b72816323d97df",
  "pins" : [
    {
      "identity" : "factory",
      "kind" : "remoteSourceControl",
      "location" : "https://github.com/hmlongco/Factory",
      "state" : {
        "revision" : "ccc898f21992ebc130bc04cc197460a5ae230bcf",
        "version" : "2.5.3"
      }
    },
    {
      "identity" : "idvsdk-ios",
      "kind" : "remoteSourceControl",
      "location" : "https://github.com/EntrustCorporation/IdvSDK-iOS",
      "state" : {
        "revision" : "454ca0ee39c0ae85230acb4bc28d9805c2873322",
        "version" : "100.0.1"
      }
    },
    {
      "identity" : "mrzparser",
      "kind" : "remoteSourceControl",
      "location" : "https://github.com/bckr/MRZParser",
      "state" : {
        "revision" : "bdaf544c9b8f23f44807833777b0853a823394fb",
        "version" : "1.0.0"
      }
    }
  ],
  "version" : 3
}
